
Microsoft Visual Studio Solution File, Format Version 12.00
# Visual Studio Version 17
VisualStudioVersion = 17.8.34316.72
MinimumVisualStudioVersion = 10.0.40219.1
Project("{FAE04EC0-301F-11D3-BF4B-00C04F79EFBC}") = "WebAppdemo", "WebAppdemo\WebAppdemo.csproj", "{36F2F9B1-7B3C-4224-8C28-F15A4FA31514}"
EndProject
Global
	GlobalSection(SolutionConfigurationPlatforms) = preSolution
		Debug|Any CPU = Debug|Any CPU
		Release|Any CPU = Release|Any CPU
	EndGlobalSection
	GlobalSection(ProjectConfigurationPlatforms) = postSolution
		{36F2F9B1-7B3C-4224-8C28-F15A4FA31514}.Debug|Any CPU.ActiveCfg = Debug|Any CPU
		{36F2F9B1-7B3C-4224-8C28-F15A4FA31514}.Debug|Any CPU.Build.0 = Debug|Any CPU
		{36F2F9B1-7B3C-4224-8C28-F15A4FA31514}.Release|Any CPU.ActiveCfg = Release|Any CPU
		{36F2F9B1-7B3C-4224-8C28-F15A4FA31514}.Release|Any CPU.Build.0 = Release|Any CPU
	EndGlobalSection
	GlobalSection(SolutionProperties) = preSolution
		HideSolutionNode = FALSE
	EndGlobalSection
	GlobalSection(ExtensibilityGlobals) = postSolution
		SolutionGuid = {DB4945DE-A7F0-4E88-BDCA-0F59E1AC2E86}
	EndGlobalSection
EndGlobal
